
Microsoft Visual Studio Solution File, Format Version 12.00
# Visual Studio Version 17
VisualStudioVersion = 17.7.34302.85
MinimumVisualStudioVersion = 10.0.40219.1
Project("{9A19103F-16F7-4668-BE54-9A1E7A4F7556}") = "SaveImageFromUrl", "ConsoleApps\SaveImageFromUrl\SaveImageFromUrl.csproj", "{8E03C195-5A54-4C8E-B36A-51B3DA82790B}"
EndProject
Project("{9A19103F-16F7-4668-BE54-9A1E7A4F7556}") = "HtmlToPdfWeb", "WebApps\HtmlToPdf\HtmlToPdfWeb.csproj", "{8759F36B-F06C-4114-B130-FA89A02AA90C}"
EndProject
Project("{2150E333-8FDC-42A3-9474-1A3956D46DE8}") = "ConsoleApps", "ConsoleApps", "{348A2F7F-E747-495A-91F1-E02B373AA16E}"
EndProject
Project("{2150E333-8FDC-42A3-9474-1A3956D46DE8}") = "WebApps", "WebApps", "{E651EB9B-23F7-47A6-9269-26370A54CD19}"
EndProject
Project("{9A19103F-16F7-4668-BE54-9A1E7A4F7556}") = "PdfSharpTest", "ConsoleApps\PdfSharpTest\PdfSharpTest.csproj", "{55211629-8D95-4A68-A50C-FD6A7F8EF549}"
EndProject
Project("{9A19103F-16F7-4668-BE54-9A1E7A4F7556}") = "SelecthtmlToPdf", "ConsoleApps\SelecthtmlToPdf\SelecthtmlToPdf.csproj", "{DBAE2E9C-EE47-41C7-8A98-DCAA11AEEB39}"
EndProject
Project("{FAE04EC0-301F-11D3-BF4B-00C04F79EFBC}") = "PdfMerge", "WebApps\PdfMerge\PdfMerge.csproj", "{69452207-FF38-47C7-8519-68729687B087}"
EndProject
Global
	GlobalSection(SolutionConfigurationPlatforms) = preSolution
		Debug|Any CPU = Debug|Any CPU
		Release|Any CPU = Release|Any CPU
	EndGlobalSection
	GlobalSection(ProjectConfigurationPlatforms) = postSolution
		{8E03C195-5A54-4C8E-B36A-51B3DA82790B}.Debug|Any CPU.ActiveCfg = Debug|Any CPU
		{8E03C195-5A54-4C8E-B36A-51B3DA82790B}.Debug|Any CPU.Build.0 = Debug|Any CPU
		{8E03C195-5A54-4C8E-B36A-51B3DA82790B}.Release|Any CPU.ActiveCfg = Release|Any CPU
		{8E03C195-5A54-4C8E-B36A-51B3DA82790B}.Release|Any CPU.Build.0 = Release|Any CPU
		{8759F36B-F06C-4114-B130-FA89A02AA90C}.Debug|Any CPU.ActiveCfg = Debug|Any CPU
		{8759F36B-F06C-4114-B130-FA89A02AA90C}.Debug|Any CPU.Build.0 = Debug|Any CPU
		{8759F36B-F06C-4114-B130-FA89A02AA90C}.Release|Any CPU.ActiveCfg = Release|Any CPU
		{8759F36B-F06C-4114-B130-FA89A02AA90C}.Release|Any CPU.Build.0 = Release|Any CPU
		{55211629-8D95-4A68-A50C-FD6A7F8EF549}.Debug|Any CPU.ActiveCfg = Debug|Any CPU
		{55211629-8D95-4A68-A50C-FD6A7F8EF549}.Debug|Any CPU.Build.0 = Debug|Any CPU
		{55211629-8D95-4A68-A50C-FD6A7F8EF549}.Release|Any CPU.ActiveCfg = Release|Any CPU
		{55211629-8D95-4A68-A50C-FD6A7F8EF549}.Release|Any CPU.Build.0 = Release|Any CPU
		{DBAE2E9C-EE47-41C7-8A98-DCAA11AEEB39}.Debug|Any CPU.ActiveCfg = Debug|Any CPU
		{DBAE2E9C-EE47-41C7-8A98-DCAA11AEEB39}.Debug|Any CPU.Build.0 = Debug|Any CPU
		{DBAE2E9C-EE47-41C7-8A98-DCAA11AEEB39}.Release|Any CPU.ActiveCfg = Release|Any CPU
		{DBAE2E9C-EE47-41C7-8A98-DCAA11AEEB39}.Release|Any CPU.Build.0 = Release|Any CPU
		{69452207-FF38-47C7-8519-68729687B087}.Debug|Any CPU.ActiveCfg = Debug|Any CPU
		{69452207-FF38-47C7-8519-68729687B087}.Debug|Any CPU.Build.0 = Debug|Any CPU
		{69452207-FF38-47C7-8519-68729687B087}.Release|Any CPU.ActiveCfg = Release|Any CPU
		{69452207-FF38-47C7-8519-68729687B087}.Release|Any CPU.Build.0 = Release|Any CPU
	EndGlobalSection
	GlobalSection(SolutionProperties) = preSolution
		HideSolutionNode = FALSE
	EndGlobalSection
	GlobalSection(NestedProjects) = preSolution
		{8E03C195-5A54-4C8E-B36A-51B3DA82790B} = {348A2F7F-E747-495A-91F1-E02B373AA16E}
		{8759F36B-F06C-4114-B130-FA89A02AA90C} = {E651EB9B-23F7-47A6-9269-26370A54CD19}
		{55211629-8D95-4A68-A50C-FD6A7F8EF549} = {348A2F7F-E747-495A-91F1-E02B373AA16E}
		{DBAE2E9C-EE47-41C7-8A98-DCAA11AEEB39} = {348A2F7F-E747-495A-91F1-E02B373AA16E}
		{69452207-FF38-47C7-8519-68729687B087} = {E651EB9B-23F7-47A6-9269-26370A54CD19}
	EndGlobalSection
	GlobalSection(ExtensibilityGlobals) = postSolution
		SolutionGuid = {DB065D9E-FD13-4DDC-9072-B74C2594B67A}
	EndGlobalSection
EndGlobal
